<Solution>
  <Project Path="Atividade 01 - Estrutura sequencial em algoritmos/Atividade 01.csproj" />
  <Project Path="Atividade 01 - Estrutura/Atividade01.csproj" />
  <Project Path="Declaração de variaveis/Declaração de variaveis.csproj" />
  <Project Path="Operadores/Operadores.csproj" />
</Solution>
