<Solution>
  <Project Path="Atividade 02, Estrutura de controle de algoritmos/Atividade 02, Estrutura de controle de algoritmos.csproj" />
  <Project Path="notas/notas.csproj" />
  <Project Path="Restaurante/Restaurante.csproj" />
  <Project Path="Roseli/Roseli.csproj" />
  <Project Path="Segunda/Segunda.csproj" />
</Solution>
